
Microsoft Visual Studio Solution File, Format Version 12.00
# Visual Studio Version 17
VisualStudioVersion = 17.1.32210.238
MinimumVisualStudioVersion = 10.0.40219.1
Project("{FAE04EC0-301F-11D3-BF4B-00C04F79EFBC}") = "WebApplication2", "WebApplication2\WebApplication2.csproj", "{BC5C2580-0A89-47E1-9DC6-F9DB4FAD9968}"
EndProject
Global
	GlobalSection(SolutionConfigurationPlatforms) = preSolution
		Debug|Any CPU = Debug|Any CPU
		Release|Any CPU = Release|Any CPU
	EndGlobalSection
	GlobalSection(ProjectConfigurationPlatforms) = postSolution
		{BC5C2580-0A89-47E1-9DC6-F9DB4FAD9968}.Debug|Any CPU.ActiveCfg = Debug|Any CPU
		{BC5C2580-0A89-47E1-9DC6-F9DB4FAD9968}.Debug|Any CPU.Build.0 = Debug|Any CPU
		{BC5C2580-0A89-47E1-9DC6-F9DB4FAD9968}.Release|Any CPU.ActiveCfg = Release|Any CPU
		{BC5C2580-0A89-47E1-9DC6-F9DB4FAD9968}.Release|Any CPU.Build.0 = Release|Any CPU
	EndGlobalSection
	GlobalSection(SolutionProperties) = preSolution
		HideSolutionNode = FALSE
	EndGlobalSection
	GlobalSection(ExtensibilityGlobals) = postSolution
		SolutionGuid = {4136CE27-A5D5-4251-88B1-83E3D0DDBD18}
	EndGlobalSection
EndGlobal
